// !$*UTF8*$!
{
	archiveVersion = 1;
	classes = {
	};
	objectVersion = 56;
	objects = {

/* Begin PBXBuildFile section */
		31284BF02AE927CF00538106 /* RootView.swift in Sources */ = {isa = PBXBuildFile; fileRef = 31284BEF2AE927CF00538106 /* RootView.swift */; };
		31284BF22AE9288000538106 /* ProfilePage.swift in Sources */ = {isa = PBXBuildFile; fileRef = 31284BF12AE9288000538106 /* ProfilePage.swift */; };
		31284BF42AEA48B500538106 /* LaunchScreen.storyboard in Resources */ = {isa = PBXBuildFile; fileRef = 31284BF32AEA48B500538106 /* LaunchScreen.storyboard */; };
		31284BF62AEA4A4700538106 /* AuthView.swift in Sources */ = {isa = PBXBuildFile; fileRef = 31284BF52AEA4A4700538106 /* AuthView.swift */; };
		31284BF82AEA7E9C00538106 /* LogInPage.swift in Sources */ = {isa = PBXBuildFile; fileRef = 31284BF72AEA7E9C00538106 /* LogInPage.swift */; };
		31284BFC2AEBCE0200538106 /* SignUpPage.swift in Sources */ = {isa = PBXBuildFile; fileRef = 31284BFB2AEBCE0200538106 /* SignUpPage.swift */; };
		316477E92AEC2F27001DB955 /* ValidateEmail.swift in Sources */ = {isa = PBXBuildFile; fileRef = 316477E82AEC2F27001DB955 /* ValidateEmail.swift */; };
		31AFEB992AE7A7ED005FBC1A /* GitHubCloneApp.swift in Sources */ = {isa = PBXBuildFile; fileRef = 31AFEB982AE7A7ED005FBC1A /* GitHubCloneApp.swift */; };
		31AFEB9D2AE7A7EF005FBC1A /* Assets.xcassets in Resources */ = {isa = PBXBuildFile; fileRef = 31AFEB9C2AE7A7EF005FBC1A /* Assets.xcassets */; };
		31AFEBA02AE7A7EF005FBC1A /* Preview Assets.xcassets in Resources */ = {isa = PBXBuildFile; fileRef = 31AFEB9F2AE7A7EF005FBC1A /* Preview Assets.xcassets */; };
		31AFEBA72AE80BF5005FBC1A /* HomePage.swift in Sources */ = {isa = PBXBuildFile; fileRef = 31AFEBA62AE80BF5005FBC1A /* HomePage.swift */; };
		31AFEBA92AE84E98005FBC1A /* InboxPage.swift in Sources */ = {isa = PBXBuildFile; fileRef = 31AFEBA82AE84E98005FBC1A /* InboxPage.swift */; };
		31AFEBAB2AE8DB85005FBC1A /* ExplorePage.swift in Sources */ = {isa = PBXBuildFile; fileRef = 31AFEBAA2AE8DB85005FBC1A /* ExplorePage.swift */; };
/* End PBXBuildFile section */

/* Begin PBXFileReference section */
		31284BEF2AE927CF00538106 /* RootView.swift */ = {isa = PBXFileReference; lastKnownFileType = sourcecode.swift; path = RootView.swift; sourceTree = "<group>"; };
		31284BF12AE9288000538106 /* ProfilePage.swift */ = {isa = PBXFileReference; lastKnownFileType = sourcecode.swift; path = ProfilePage.swift; sourceTree = "<group>"; };
		31284BF32AEA48B500538106 /* LaunchScreen.storyboard */ = {isa = PBXFileReference; lastKnownFileType = file.storyboard; path = LaunchScreen.storyboard; sourceTree = "<group>"; };
		31284BF52AEA4A4700538106 /* AuthView.swift */ = {isa = PBXFileReference; lastKnownFileType = sourcecode.swift; path = AuthView.swift; sourceTree = "<group>"; };
		31284BF72AEA7E9C00538106 /* LogInPage.swift */ = {isa = PBXFileReference; lastKnownFileType = sourcecode.swift; path = LogInPage.swift; sourceTree = "<group>"; };
		31284BFB2AEBCE0200538106 /* SignUpPage.swift */ = {isa = PBXFileReference; lastKnownFileType = sourcecode.swift; path = SignUpPage.swift; sourceTree = "<group>"; };
		316477E82AEC2F27001DB955 /* ValidateEmail.swift */ = {isa = PBXFileReference; lastKnownFileType = sourcecode.swift; path = ValidateEmail.swift; sourceTree = "<group>"; };
		31AFEB952AE7A7ED005FBC1A /* GitHubClone.app */ = {isa = PBXFileReference; explicitFileType = wrapper.application; includeInIndex = 0; path = GitHubClone.app; sourceTree = BUILT_PRODUCTS_DIR; };
		31AFEB982AE7A7ED005FBC1A /* GitHubCloneApp.swift */ = {isa = PBXFileReference; lastKnownFileType = sourcecode.swift; path = GitHubCloneApp.swift; sourceTree = "<group>"; };
		31AFEB9C2AE7A7EF005FBC1A /* Assets.xcassets */ = {isa = PBXFileReference; lastKnownFileType = folder.assetcatalog; path = Assets.xcassets; sourceTree = "<group>"; };
		31AFEB9F2AE7A7EF005FBC1A /* Preview Assets.xcassets */ = {isa = PBXFileReference; lastKnownFileType = folder.assetcatalog; path = "Preview Assets.xcassets"; sourceTree = "<group>"; };
		31AFEBA62AE80BF5005FBC1A /* HomePage.swift */ = {isa = PBXFileReference; lastKnownFileType = sourcecode.swift; path = HomePage.swift; sourceTree = "<group>"; };
		31AFEBA82AE84E98005FBC1A /* InboxPage.swift */ = {isa = PBXFileReference; lastKnownFileType = sourcecode.swift; path = InboxPage.swift; sourceTree = "<group>"; };
		31AFEBAA2AE8DB85005FBC1A /* ExplorePage.swift */ = {isa = PBXFileReference; lastKnownFileType = sourcecode.swift; path = ExplorePage.swift; sourceTree = "<group>"; };
/* End PBXFileReference section */

/* Begin PBXFrameworksBuildPhase section */
		31AFEB922AE7A7ED005FBC1A /* Frameworks */ = {
			isa = PBXFrameworksBuildPhase;
			buildActionMask = 2147483647;
			files = (
			);
			runOnlyForDeploymentPostprocessing = 0;
		};
/* End PBXFrameworksBuildPhase section */

/* Begin PBXGroup section */
		316477E72AEC2ECA001DB955 /* ExtentionToLogIn */ = {
			isa = PBXGroup;
			children = (
				316477E82AEC2F27001DB955 /* ValidateEmail.swift */,
			);
			path = ExtentionToLogIn;
			sourceTree = "<group>";
		};
		316477EC2AEC4950001DB955 /* AuthenticationPages */ = {
			isa = PBXGroup;
			children = (
				31284BF52AEA4A4700538106 /* AuthView.swift */,
				31284BF72AEA7E9C00538106 /* LogInPage.swift */,
				31284BFB2AEBCE0200538106 /* SignUpPage.swift */,
			);
			path = AuthenticationPages;
			sourceTree = "<group>";
		};
		31AFEB8C2AE7A7ED005FBC1A = {
			isa = PBXGroup;
			children = (
				316477EC2AEC4950001DB955 /* AuthenticationPages */,
				316477E72AEC2ECA001DB955 /* ExtentionToLogIn */,
				31284BF32AEA48B500538106 /* LaunchScreen.storyboard */,
				31284BF12AE9288000538106 /* ProfilePage.swift */,
				31284BEF2AE927CF00538106 /* RootView.swift */,
				31AFEBAA2AE8DB85005FBC1A /* ExplorePage.swift */,
				31AFEBA82AE84E98005FBC1A /* InboxPage.swift */,
				31AFEBA62AE80BF5005FBC1A /* HomePage.swift */,
				31AFEB982AE7A7ED005FBC1A /* GitHubCloneApp.swift */,
				31AFEB972AE7A7ED005FBC1A /* GitHubClone */,
				31AFEB962AE7A7ED005FBC1A /* Products */,
			);
			sourceTree = "<group>";
		};
		31AFEB962AE7A7ED005FBC1A /* Products */ = {
			isa = PBXGroup;
			children = (
				31AFEB952AE7A7ED005FBC1A /* GitHubClone.app */,
			);
			name = Products;
			sourceTree = "<group>";
		};
		31AFEB972AE7A7ED005FBC1A /* GitHubClone */ = {
			isa = PBXGroup;
			children = (
				31AFEB9C2AE7A7EF005FBC1A /* Assets.xcassets */,
				31AFEB9E2AE7A7EF005FBC1A /* Preview Content */,
			);
			path = GitHubClone;
			sourceTree = "<group>";
		};
		31AFEB9E2AE7A7EF005FBC1A /* Preview Content */ = {
			isa = PBXGroup;
			children = (
				31AFEB9F2AE7A7EF005FBC1A /* Preview Assets.xcassets */,
			);
			path = "Preview Content";
			sourceTree = "<group>";
		};
/* End PBXGroup section */

/* Begin PBXNativeTarget section */
		31AFEB942AE7A7ED005FBC1A /* GitHubClone */ = {
			isa = PBXNativeTarget;
			buildConfigurationList = 31AFEBA32AE7A7EF005FBC1A /* Build configuration list for PBXNativeTarget "GitHubClone" */;
			buildPhases = (
				31AFEB912AE7A7ED005FBC1A /* Sources */,
				31AFEB922AE7A7ED005FBC1A /* Frameworks */,
				31AFEB932AE7A7ED005FBC1A /* Resources */,
			);
			buildRules = (
			);
			dependencies = (
			);
			name = GitHubClone;
			productName = GitHubClone;
			productReference = 31AFEB952AE7A7ED005FBC1A /* GitHubClone.app */;
			productType = "com.apple.product-type.application";
		};
/* End PBXNativeTarget section */

/* Begin PBXProject section */
		31AFEB8D2AE7A7ED005FBC1A /* Project object */ = {
			isa = PBXProject;
			attributes = {
				BuildIndependentTargetsInParallel = 1;
				LastSwiftUpdateCheck = 1500;
				LastUpgradeCheck = 1500;
				TargetAttributes = {
					31AFEB942AE7A7ED005FBC1A = {
						CreatedOnToolsVersion = 15.0.1;
					};
				};
			};
			buildConfigurationList = 31AFEB902AE7A7ED005FBC1A /* Build configuration list for PBXProject "GitHubClone" */;
			compatibilityVersion = "Xcode 14.0";
			developmentRegion = en;
			hasScannedForEncodings = 0;
			knownRegions = (
				en,
				Base,
			);
			mainGroup = 31AFEB8C2AE7A7ED005FBC1A;
			productRefGroup = 31AFEB962AE7A7ED005FBC1A /* Products */;
			projectDirPath = "";
			projectRoot = "";
			targets = (
				31AFEB942AE7A7ED005FBC1A /* GitHubClone */,
			);
		};
/* End PBXProject section */

/* Begin PBXResourcesBuildPhase section */
		31AFEB932AE7A7ED005FBC1A /* Resources */ = {
			isa = PBXResourcesBuildPhase;
			buildActionMask = 2147483647;
			files = (
				31284BF42AEA48B500538106 /* LaunchScreen.storyboard in Resources */,
				31AFEBA02AE7A7EF005FBC1A /* Preview Assets.xcassets in Resources */,
				31AFEB9D2AE7A7EF005FBC1A /* Assets.xcassets in Resources */,
			);
			runOnlyForDeploymentPostprocessing = 0;
		};
/* End PBXResourcesBuildPhase section */

/* Begin PBXSourcesBuildPhase section */
		31AFEB912AE7A7ED005FBC1A /* Sources */ = {
			isa = PBXSourcesBuildPhase;
			buildActionMask = 2147483647;
			files = (
				316477E92AEC2F27001DB955 /* ValidateEmail.swift in Sources */,
				31284BF82AEA7E9C00538106 /* LogInPage.swift in Sources */,
				31284BF62AEA4A4700538106 /* AuthView.swift in Sources */,
				31284BF22AE9288000538106 /* ProfilePage.swift in Sources */,
				31284BFC2AEBCE0200538106 /* SignUpPage.swift in Sources */,
				31AFEBA72AE80BF5005FBC1A /* HomePage.swift in Sources */,
				31AFEB992AE7A7ED005FBC1A /* GitHubCloneApp.swift in Sources */,
				31AFEBAB2AE8DB85005FBC1A /* ExplorePage.swift in Sources */,
				31AFEBA92AE84E98005FBC1A /* InboxPage.swift in Sources */,
				31284BF02AE927CF00538106 /* RootView.swift in Sources */,
			);
			runOnlyForDeploymentPostprocessing = 0;
		};
/* End PBXSourcesBuildPhase section */

/* Begin XCBuildConfiguration section */
		31AFEBA12AE7A7EF005FBC1A /* Debug */ = {
			isa = XCBuildConfiguration;
			buildSettings = {
				ALWAYS_SEARCH_USER_PATHS = NO;
				ASSETCATALOG_COMPILER_GENERATE_SWIFT_ASSET_SYMBOL_EXTENSIONS = YES;
				CLANG_ANALYZER_NONNULL = YES;
				CLANG_ANALYZER_NUMBER_OBJECT_CONVERSION = YES_AGGRESSIVE;
				CLANG_CXX_LANGUAGE_STANDARD = "gnu++20";
				CLANG_ENABLE_MODULES = YES;
				CLANG_ENABLE_OBJC_ARC = YES;
				CLANG_ENABLE_OBJC_WEAK = YES;
				CLANG_WARN_BLOCK_CAPTURE_AUTORELEASING = YES;
				CLANG_WARN_BOOL_CONVERSION = YES;
				CLANG_WARN_COMMA = YES;
				CLANG_WARN_CONSTANT_CONVERSION = YES;
				CLANG_WARN_DEPRECATED_OBJC_IMPLEMENTATIONS = YES;
				CLANG_WARN_DIRECT_OBJC_ISA_USAGE = YES_ERROR;
				CLANG_WARN_DOCUMENTATION_COMMENTS = YES;
				CLANG_WARN_EMPTY_BODY = YES;
				CLANG_WARN_ENUM_CONVERSION = YES;
				CLANG_WARN_INFINITE_RECURSION = YES;
				CLANG_WARN_INT_CONVERSION = YES;
				CLANG_WARN_NON_LITERAL_NULL_CONVERSION = YES;
				CLANG_WARN_OBJC_IMPLICIT_RETAIN_SELF = YES;
				CLANG_WARN_OBJC_LITERAL_CONVERSION = YES;
				CLANG_WARN_OBJC_ROOT_CLASS = YES_ERROR;
				CLANG_WARN_QUOTED_INCLUDE_IN_FRAMEWORK_HEADER = YES;
				CLANG_WARN_RANGE_LOOP_ANALYSIS = YES;
				CLANG_WARN_STRICT_PROTOTYPES = YES;
				CLANG_WARN_SUSPICIOUS_MOVE = YES;
				CLANG_WARN_UNGUARDED_AVAILABILITY = YES_AGGRESSIVE;
				CLANG_WARN_UNREACHABLE_CODE = YES;
				CLANG_WARN__DUPLICATE_METHOD_MATCH = YES;
				COPY_PHASE_STRIP = NO;
				DEBUG_INFORMATION_FORMAT = dwarf;
				ENABLE_STRICT_OBJC_MSGSEND = YES;
				ENABLE_TESTABILITY = YES;
				ENABLE_USER_SCRIPT_SANDBOXING = YES;
				GCC_C_LANGUAGE_STANDARD = gnu17;
				GCC_DYNAMIC_NO_PIC = NO;
				GCC_NO_COMMON_BLOCKS = YES;
				GCC_OPTIMIZATION_LEVEL = 0;
				GCC_PREPROCESSOR_DEFINITIONS = (
					"DEBUG=1",
					"$(inherited)",
				);
				GCC_WARN_64_TO_32_BIT_CONVERSION = YES;
				GCC_WARN_ABOUT_RETURN_TYPE = YES_ERROR;
				GCC_WARN_UNDECLARED_SELECTOR = YES;
				GCC_WARN_UNINITIALIZED_AUTOS = YES_AGGRESSIVE;
				GCC_WARN_UNUSED_FUNCTION = YES;
				GCC_WARN_UNUSED_VARIABLE = YES;
				IPHONEOS_DEPLOYMENT_TARGET = 17.0;
				LOCALIZATION_PREFERS_STRING_CATALOGS = YES;
				MTL_ENABLE_DEBUG_INFO = INCLUDE_SOURCE;
				MTL_FAST_MATH = YES;
				ONLY_ACTIVE_ARCH = YES;
				SDKROOT = iphoneos;
				SWIFT_ACTIVE_COMPILATION_CONDITIONS = "DEBUG $(inherited)";
				SWIFT_OPTIMIZATION_LEVEL = "-Onone";
			};
			name = Debug;
		};
		31AFEBA22AE7A7EF005FBC1A /* Release */ = {
			isa = XCBuildConfiguration;
			buildSettings = {
				ALWAYS_SEARCH_USER_PATHS = NO;
				ASSETCATALOG_COMPILER_GENERATE_SWIFT_ASSET_SYMBOL_EXTENSIONS = YES;
				CLANG_ANALYZER_NONNULL = YES;
				CLANG_ANALYZER_NUMBER_OBJECT_CONVERSION = YES_AGGRESSIVE;
				CLANG_CXX_LANGUAGE_STANDARD = "gnu++20";
				CLANG_ENABLE_MODULES = YES;
				CLANG_ENABLE_OBJC_ARC = YES;
				CLANG_ENABLE_OBJC_WEAK = YES;
				CLANG_WARN_BLOCK_CAPTURE_AUTORELEASING = YES;
				CLANG_WARN_BOOL_CONVERSION = YES;
				CLANG_WARN_COMMA = YES;
				CLANG_WARN_CONSTANT_CONVERSION = YES;
				CLANG_WARN_DEPRECATED_OBJC_IMPLEMENTATIONS = YES;
				CLANG_WARN_DIRECT_OBJC_ISA_USAGE = YES_ERROR;
				CLANG_WARN_DOCUMENTATION_COMMENTS = YES;
				CLANG_WARN_EMPTY_BODY = YES;
				CLANG_WARN_ENUM_CONVERSION = YES;
				CLANG_WARN_INFINITE_RECURSION = YES;
				CLANG_WARN_INT_CONVERSION = YES;
				CLANG_WARN_NON_LITERAL_NULL_CONVERSION = YES;
				CLANG_WARN_OBJC_IMPLICIT_RETAIN_SELF = YES;
				CLANG_WARN_OBJC_LITERAL_CONVERSION = YES;
				CLANG_WARN_OBJC_ROOT_CLASS = YES_ERROR;
				CLANG_WARN_QUOTED_INCLUDE_IN_FRAMEWORK_HEADER = YES;
				CLANG_WARN_RANGE_LOOP_ANALYSIS = YES;
				CLANG_WARN_STRICT_PROTOTYPES = YES;
				CLANG_WARN_SUSPICIOUS_MOVE = YES;
				CLANG_WARN_UNGUARDED_AVAILABILITY = YES_AGGRESSIVE;
				CLANG_WARN_UNREACHABLE_CODE = YES;
				CLANG_WARN__DUPLICATE_METHOD_MATCH = YES;
				COPY_PHASE_STRIP = NO;
				DEBUG_INFORMATION_FORMAT = "dwarf-with-dsym";
				ENABLE_NS_ASSERTIONS = NO;
				ENABLE_STRICT_OBJC_MSGSEND = YES;
				ENABLE_USER_SCRIPT_SANDBOXING = YES;
				GCC_C_LANGUAGE_STANDARD = gnu17;
				GCC_NO_COMMON_BLOCKS = YES;
				GCC_WARN_64_TO_32_BIT_CONVERSION = YES;
				GCC_WARN_ABOUT_RETURN_TYPE = YES_ERROR;
				GCC_WARN_UNDECLARED_SELECTOR = YES;
				GCC_WARN_UNINITIALIZED_AUTOS = YES_AGGRESSIVE;
				GCC_WARN_UNUSED_FUNCTION = YES;
				GCC_WARN_UNUSED_VARIABLE = YES;
				IPHONEOS_DEPLOYMENT_TARGET = 17.0;
				LOCALIZATION_PREFERS_STRING_CATALOGS = YES;
				MTL_ENABLE_DEBUG_INFO = NO;
				MTL_FAST_MATH = YES;
				SDKROOT = iphoneos;
				SWIFT_COMPILATION_MODE = wholemodule;
				VALIDATE_PRODUCT = YES;
			};
			name = Release;
		};
		31AFEBA42AE7A7EF005FBC1A /* Debug */ = {
			isa = XCBuildConfiguration;
			buildSettings = {
				ASSETCATALOG_COMPILER_APPICON_NAME = AppIcon;
				ASSETCATALOG_COMPILER_GLOBAL_ACCENT_COLOR_NAME = AccentColor;
				CODE_SIGN_STYLE = Automatic;
				CURRENT_PROJECT_VERSION = 1;
				DEVELOPMENT_ASSET_PATHS = "\"GitHubClone/Preview Content\"";
				DEVELOPMENT_TEAM = 2KY443CX26;
				ENABLE_PREVIEWS = YES;
				GENERATE_INFOPLIST_FILE = YES;
				INFOPLIST_KEY_UIApplicationSceneManifest_Generation = YES;
				INFOPLIST_KEY_UIApplicationSupportsIndirectInputEvents = YES;
				INFOPLIST_KEY_UILaunchScreen_Generation = YES;
				INFOPLIST_KEY_UILaunchStoryboardName = LaunchScreen.storyboard;
				INFOPLIST_KEY_UISupportedInterfaceOrientations_iPad = "UIInterfaceOrientationPortrait UIInterfaceOrientationPortraitUpsideDown UIInterfaceOrientationLandscapeLeft UIInterfaceOrientationLandscapeRight";
				INFOPLIST_KEY_UISupportedInterfaceOrientations_iPhone = "UIInterfaceOrientationPortrait UIInterfaceOrientationLandscapeLeft UIInterfaceOrientationLandscapeRight";
				LD_RUNPATH_SEARCH_PATHS = (
					"$(inherited)",
					"@executable_path/Frameworks",
				);
				MARKETING_VERSION = 1.0;
				PRODUCT_BUNDLE_IDENTIFIER = com.example.GitHubClone;
				PRODUCT_NAME = "$(TARGET_NAME)";
				SWIFT_EMIT_LOC_STRINGS = YES;
				SWIFT_VERSION = 5.0;
				TARGETED_DEVICE_FAMILY = "1,2";
			};
			name = Debug;
		};
		31AFEBA52AE7A7EF005FBC1A /* Release */ = {
			isa = XCBuildConfiguration;
			buildSettings = {
				ASSETCATALOG_COMPILER_APPICON_NAME = AppIcon;
				ASSETCATALOG_COMPILER_GLOBAL_ACCENT_COLOR_NAME = AccentColor;
				CODE_SIGN_STYLE = Automatic;
				CURRENT_PROJECT_VERSION = 1;
				DEVELOPMENT_ASSET_PATHS = "\"GitHubClone/Preview Content\"";
				DEVELOPMENT_TEAM = 2KY443CX26;
				ENABLE_PREVIEWS = YES;
				GENERATE_INFOPLIST_FILE = YES;
				INFOPLIST_KEY_UIApplicationSceneManifest_Generation = YES;
				INFOPLIST_KEY_UIApplicationSupportsIndirectInputEvents = YES;
				INFOPLIST_KEY_UILaunchScreen_Generation = YES;
				INFOPLIST_KEY_UILaunchStoryboardName = LaunchScreen.storyboard;
				INFOPLIST_KEY_UISupportedInterfaceOrientations_iPad = "UIInterfaceOrientationPortrait UIInterfaceOrientationPortraitUpsideDown UIInterfaceOrientationLandscapeLeft UIInterfaceOrientationLandscapeRight";
				INFOPLIST_KEY_UISupportedInterfaceOrientations_iPhone = "UIInterfaceOrientationPortrait UIInterfaceOrientationLandscapeLeft UIInterfaceOrientationLandscapeRight";
				LD_RUNPATH_SEARCH_PATHS = (
					"$(inherited)",
					"@executable_path/Frameworks",
				);
				MARKETING_VERSION = 1.0;
				PRODUCT_BUNDLE_IDENTIFIER = com.example.GitHubClone;
				PRODUCT_NAME = "$(TARGET_NAME)";
				SWIFT_EMIT_LOC_STRINGS = YES;
				SWIFT_VERSION = 5.0;
				TARGETED_DEVICE_FAMILY = "1,2";
			};
			name = Release;
		};
/* End XCBuildConfiguration section */

/* Begin XCConfigurationList section */
		31AFEB902AE7A7ED005FBC1A /* Build configuration list for PBXProject "GitHubClone" */ = {
			isa = XCConfigurationList;
			buildConfigurations = (
				31AFEBA12AE7A7EF005FBC1A /* Debug */,
				31AFEBA22AE7A7EF005FBC1A /* Release */,
			);
			defaultConfigurationIsVisible = 0;
			defaultConfigurationName = Release;
		};
		31AFEBA32AE7A7EF005FBC1A /* Build configuration list for PBXNativeTarget "GitHubClone" */ = {
			isa = XCConfigurationList;
			buildConfigurations = (
				31AFEBA42AE7A7EF005FBC1A /* Debug */,
				31AFEBA52AE7A7EF005FBC1A /* Release */,
			);
			defaultConfigurationIsVisible = 0;
			defaultConfigurationName = Release;
		};
/* End XCConfigurationList section */
	};
	rootObject = 31AFEB8D2AE7A7ED005FBC1A /* Project object */;
}
